
Microsoft Visual Studio Solution File, Format Version 12.00
# Visual Studio Version 17
VisualStudioVersion = 17.1.32407.343
MinimumVisualStudioVersion = 10.0.40219.1
Project("{2150E333-8FDC-42A3-9474-1A3956D46DE8}") = "BuildingBlocks", "BuildingBlocks", "{DF924761-B32B-4CE3-BABF-CEBF1EC9DE37}"
EndProject
Project("{2150E333-8FDC-42A3-9474-1A3956D46DE8}") = "Gateways", "Gateways", "{0FDFC008-EDFA-49E5-B6EB-35F4664CFD2E}"
EndProject
Project("{2150E333-8FDC-42A3-9474-1A3956D46DE8}") = "Services", "Services", "{8BFC230D-362F-4174-B38D-CFED30AA8DA9}"
EndProject
Project("{FAE04EC0-301F-11D3-BF4B-00C04F79EFBC}") = "SM01.Application", "BuildingBlocks\SM01.Application\SM01.Application.csproj", "{58F09A19-30A4-44A6-A718-6999A00D64B6}"
EndProject
Project("{2150E333-8FDC-42A3-9474-1A3956D46DE8}") = "Contact", "Contact", "{EDFC1F4D-A682-4DD8-887B-561B86633D2B}"
EndProject
Project("{FAE04EC0-301F-11D3-BF4B-00C04F79EFBC}") = "SM01.Services.Contact", "Services\Contact\SM01.Services.Contact\SM01.Services.Contact.csproj", "{0BFD7DC6-E544-41FA-AD36-64C9B92B24FD}"
EndProject
Project("{FAE04EC0-301F-11D3-BF4B-00C04F79EFBC}") = "SM01.Services.Contact.Api", "Services\Contact\SM01.Services.Contact.Api\SM01.Services.Contact.Api.csproj", "{080353A2-2811-49E1-8337-BBFB3BD147C5}"
EndProject
Project("{2150E333-8FDC-42A3-9474-1A3956D46DE8}") = "Report", "Report", "{4D44FB10-75BD-40ED-8CF1-BE4E8D374763}"
EndProject
Project("{FAE04EC0-301F-11D3-BF4B-00C04F79EFBC}") = "SM01.Services.Report", "Services\Report\SM01.Services.Report\SM01.Services.Report.csproj", "{702D8384-78C4-4AB3-979D-79F0A191F967}"
EndProject
Project("{FAE04EC0-301F-11D3-BF4B-00C04F79EFBC}") = "SM01.Services.Report.Api", "Services\Report\SM01.Services.Report.Api\SM01.Services.Report.Api.csproj", "{82D03B95-CB54-4709-A448-C4FD7610C88C}"
EndProject
Project("{FAE04EC0-301F-11D3-BF4B-00C04F79EFBC}") = "SM01.Services.Report.Grpc", "Services\Report\SM01.Services.Report.Grpc\SM01.Services.Report.Grpc.csproj", "{FDFAE42B-DAF0-4F35-B2F0-2892FBBC67B4}"
EndProject
Project("{FAE04EC0-301F-11D3-BF4B-00C04F79EFBC}") = "SM01.Services.Report.Background", "Services\Report\SM01.Services.Report.Background\SM01.Services.Report.Background.csproj", "{2ABB3170-82A0-41FE-907D-73461347EF97}"
EndProject
Project("{FAE04EC0-301F-11D3-BF4B-00C04F79EFBC}") = "SM01.Domain", "BuildingBlocks\SM01.Domain\SM01.Domain.csproj", "{12E40A46-536C-4130-B251-DB95697896A9}"
EndProject
Project("{FAE04EC0-301F-11D3-BF4B-00C04F79EFBC}") = "SM01.Infrastructure", "BuildingBlocks\SM01.Infrastructure\SM01.Infrastructure.csproj", "{F3D4FFB1-5CCA-44F2-B10F-F143F22AFB16}"
EndProject
Project("{FAE04EC0-301F-11D3-BF4B-00C04F79EFBC}") = "SM01.CrossCuttingConcerns", "BuildingBlocks\SM01.CrossCuttingConcerns\SM01.CrossCuttingConcerns.csproj", "{198FD8A5-3C78-4EAA-9B71-91186856BB45}"
EndProject
Global
	GlobalSection(SolutionConfigurationPlatforms) = preSolution
		Debug|Any CPU = Debug|Any CPU
		Release|Any CPU = Release|Any CPU
	EndGlobalSection
	GlobalSection(ProjectConfigurationPlatforms) = postSolution
		{58F09A19-30A4-44A6-A718-6999A00D64B6}.Debug|Any CPU.ActiveCfg = Debug|Any CPU
		{58F09A19-30A4-44A6-A718-6999A00D64B6}.Debug|Any CPU.Build.0 = Debug|Any CPU
		{58F09A19-30A4-44A6-A718-6999A00D64B6}.Release|Any CPU.ActiveCfg = Release|Any CPU
		{58F09A19-30A4-44A6-A718-6999A00D64B6}.Release|Any CPU.Build.0 = Release|Any CPU
		{0BFD7DC6-E544-41FA-AD36-64C9B92B24FD}.Debug|Any CPU.ActiveCfg = Debug|Any CPU
		{0BFD7DC6-E544-41FA-AD36-64C9B92B24FD}.Debug|Any CPU.Build.0 = Debug|Any CPU
		{0BFD7DC6-E544-41FA-AD36-64C9B92B24FD}.Release|Any CPU.ActiveCfg = Release|Any CPU
		{0BFD7DC6-E544-41FA-AD36-64C9B92B24FD}.Release|Any CPU.Build.0 = Release|Any CPU
		{080353A2-2811-49E1-8337-BBFB3BD147C5}.Debug|Any CPU.ActiveCfg = Debug|Any CPU
		{080353A2-2811-49E1-8337-BBFB3BD147C5}.Debug|Any CPU.Build.0 = Debug|Any CPU
		{080353A2-2811-49E1-8337-BBFB3BD147C5}.Release|Any CPU.ActiveCfg = Release|Any CPU
		{080353A2-2811-49E1-8337-BBFB3BD147C5}.Release|Any CPU.Build.0 = Release|Any CPU
		{702D8384-78C4-4AB3-979D-79F0A191F967}.Debug|Any CPU.ActiveCfg = Debug|Any CPU
		{702D8384-78C4-4AB3-979D-79F0A191F967}.Debug|Any CPU.Build.0 = Debug|Any CPU
		{702D8384-78C4-4AB3-979D-79F0A191F967}.Release|Any CPU.ActiveCfg = Release|Any CPU
		{702D8384-78C4-4AB3-979D-79F0A191F967}.Release|Any CPU.Build.0 = Release|Any CPU
		{82D03B95-CB54-4709-A448-C4FD7610C88C}.Debug|Any CPU.ActiveCfg = Debug|Any CPU
		{82D03B95-CB54-4709-A448-C4FD7610C88C}.Debug|Any CPU.Build.0 = Debug|Any CPU
		{82D03B95-CB54-4709-A448-C4FD7610C88C}.Release|Any CPU.ActiveCfg = Release|Any CPU
		{82D03B95-CB54-4709-A448-C4FD7610C88C}.Release|Any CPU.Build.0 = Release|Any CPU
		{FDFAE42B-DAF0-4F35-B2F0-2892FBBC67B4}.Debug|Any CPU.ActiveCfg = Debug|Any CPU
		{FDFAE42B-DAF0-4F35-B2F0-2892FBBC67B4}.Debug|Any CPU.Build.0 = Debug|Any CPU
		{FDFAE42B-DAF0-4F35-B2F0-2892FBBC67B4}.Release|Any CPU.ActiveCfg = Release|Any CPU
		{FDFAE42B-DAF0-4F35-B2F0-2892FBBC67B4}.Release|Any CPU.Build.0 = Release|Any CPU
		{2ABB3170-82A0-41FE-907D-73461347EF97}.Debug|Any CPU.ActiveCfg = Debug|Any CPU
		{2ABB3170-82A0-41FE-907D-73461347EF97}.Debug|Any CPU.Build.0 = Debug|Any CPU
		{2ABB3170-82A0-41FE-907D-73461347EF97}.Release|Any CPU.ActiveCfg = Release|Any CPU
		{2ABB3170-82A0-41FE-907D-73461347EF97}.Release|Any CPU.Build.0 = Release|Any CPU
		{12E40A46-536C-4130-B251-DB95697896A9}.Debug|Any CPU.ActiveCfg = Debug|Any CPU
		{12E40A46-536C-4130-B251-DB95697896A9}.Debug|Any CPU.Build.0 = Debug|Any CPU
		{12E40A46-536C-4130-B251-DB95697896A9}.Release|Any CPU.ActiveCfg = Release|Any CPU
		{12E40A46-536C-4130-B251-DB95697896A9}.Release|Any CPU.Build.0 = Release|Any CPU
		{F3D4FFB1-5CCA-44F2-B10F-F143F22AFB16}.Debug|Any CPU.ActiveCfg = Debug|Any CPU
		{F3D4FFB1-5CCA-44F2-B10F-F143F22AFB16}.Debug|Any CPU.Build.0 = Debug|Any CPU
		{F3D4FFB1-5CCA-44F2-B10F-F143F22AFB16}.Release|Any CPU.ActiveCfg = Release|Any CPU
		{F3D4FFB1-5CCA-44F2-B10F-F143F22AFB16}.Release|Any CPU.Build.0 = Release|Any CPU
		{198FD8A5-3C78-4EAA-9B71-91186856BB45}.Debug|Any CPU.ActiveCfg = Debug|Any CPU
		{198FD8A5-3C78-4EAA-9B71-91186856BB45}.Debug|Any CPU.Build.0 = Debug|Any CPU
		{198FD8A5-3C78-4EAA-9B71-91186856BB45}.Release|Any CPU.ActiveCfg = Release|Any CPU
		{198FD8A5-3C78-4EAA-9B71-91186856BB45}.Release|Any CPU.Build.0 = Release|Any CPU
	EndGlobalSection
	GlobalSection(SolutionProperties) = preSolution
		HideSolutionNode = FALSE
	EndGlobalSection
	GlobalSection(NestedProjects) = preSolution
		{58F09A19-30A4-44A6-A718-6999A00D64B6} = {DF924761-B32B-4CE3-BABF-CEBF1EC9DE37}
		{EDFC1F4D-A682-4DD8-887B-561B86633D2B} = {8BFC230D-362F-4174-B38D-CFED30AA8DA9}
		{0BFD7DC6-E544-41FA-AD36-64C9B92B24FD} = {EDFC1F4D-A682-4DD8-887B-561B86633D2B}
		{080353A2-2811-49E1-8337-BBFB3BD147C5} = {EDFC1F4D-A682-4DD8-887B-561B86633D2B}
		{4D44FB10-75BD-40ED-8CF1-BE4E8D374763} = {8BFC230D-362F-4174-B38D-CFED30AA8DA9}
		{702D8384-78C4-4AB3-979D-79F0A191F967} = {4D44FB10-75BD-40ED-8CF1-BE4E8D374763}
		{82D03B95-CB54-4709-A448-C4FD7610C88C} = {4D44FB10-75BD-40ED-8CF1-BE4E8D374763}
		{FDFAE42B-DAF0-4F35-B2F0-2892FBBC67B4} = {4D44FB10-75BD-40ED-8CF1-BE4E8D374763}
		{2ABB3170-82A0-41FE-907D-73461347EF97} = {4D44FB10-75BD-40ED-8CF1-BE4E8D374763}
		{12E40A46-536C-4130-B251-DB95697896A9} = {DF924761-B32B-4CE3-BABF-CEBF1EC9DE37}
		{F3D4FFB1-5CCA-44F2-B10F-F143F22AFB16} = {DF924761-B32B-4CE3-BABF-CEBF1EC9DE37}
		{198FD8A5-3C78-4EAA-9B71-91186856BB45} = {DF924761-B32B-4CE3-BABF-CEBF1EC9DE37}
	EndGlobalSection
	GlobalSection(ExtensibilityGlobals) = postSolution
		SolutionGuid = {CFBE2BB8-81E3-4EE9-ADD8-89733D77B3EF}
	EndGlobalSection
EndGlobal
